
Microsoft Visual Studio Solution File, Format Version 12.00
# Visual Studio Version 17
VisualStudioVersion = 17.7.34202.233
MinimumVisualStudioVersion = 10.0.40219.1
Project("{FAE04EC0-301F-11D3-BF4B-00C04F79EFBC}") = "Business", "Business\Business.csproj", "{1C07377C-7DCA-44EE-A405-0123CDB9B3D1}"
EndProject
Project("{FAE04EC0-301F-11D3-BF4B-00C04F79EFBC}") = "DataAccess", "DataAccess\DataAccess.csproj", "{FAC83E67-5606-4E39-A47E-713C142E5603}"
EndProject
Project("{FAE04EC0-301F-11D3-BF4B-00C04F79EFBC}") = "Core", "Core\Core.csproj", "{8BC41E16-0E7D-4B9C-B0C8-FC3E3383FCC2}"
EndProject
Project("{FAE04EC0-301F-11D3-BF4B-00C04F79EFBC}") = "Entities", "Entities\Entities.csproj", "{C3F32497-1EFF-48A6-AB59-E6E92F842DB2}"
EndProject
Global
	GlobalSection(SolutionConfigurationPlatforms) = preSolution
		Debug|Any CPU = Debug|Any CPU
		Release|Any CPU = Release|Any CPU
	EndGlobalSection
	GlobalSection(ProjectConfigurationPlatforms) = postSolution
		{1C07377C-7DCA-44EE-A405-0123CDB9B3D1}.Debug|Any CPU.ActiveCfg = Debug|Any CPU
		{1C07377C-7DCA-44EE-A405-0123CDB9B3D1}.Debug|Any CPU.Build.0 = Debug|Any CPU
		{1C07377C-7DCA-44EE-A405-0123CDB9B3D1}.Release|Any CPU.ActiveCfg = Release|Any CPU
		{1C07377C-7DCA-44EE-A405-0123CDB9B3D1}.Release|Any CPU.Build.0 = Release|Any CPU
		{FAC83E67-5606-4E39-A47E-713C142E5603}.Debug|Any CPU.ActiveCfg = Debug|Any CPU
		{FAC83E67-5606-4E39-A47E-713C142E5603}.Debug|Any CPU.Build.0 = Debug|Any CPU
		{FAC83E67-5606-4E39-A47E-713C142E5603}.Release|Any CPU.ActiveCfg = Release|Any CPU
		{FAC83E67-5606-4E39-A47E-713C142E5603}.Release|Any CPU.Build.0 = Release|Any CPU
		{8BC41E16-0E7D-4B9C-B0C8-FC3E3383FCC2}.Debug|Any CPU.ActiveCfg = Debug|Any CPU
		{8BC41E16-0E7D-4B9C-B0C8-FC3E3383FCC2}.Debug|Any CPU.Build.0 = Debug|Any CPU
		{8BC41E16-0E7D-4B9C-B0C8-FC3E3383FCC2}.Release|Any CPU.ActiveCfg = Release|Any CPU
		{8BC41E16-0E7D-4B9C-B0C8-FC3E3383FCC2}.Release|Any CPU.Build.0 = Release|Any CPU
		{C3F32497-1EFF-48A6-AB59-E6E92F842DB2}.Debug|Any CPU.ActiveCfg = Debug|Any CPU
		{C3F32497-1EFF-48A6-AB59-E6E92F842DB2}.Debug|Any CPU.Build.0 = Debug|Any CPU
		{C3F32497-1EFF-48A6-AB59-E6E92F842DB2}.Release|Any CPU.ActiveCfg = Release|Any CPU
		{C3F32497-1EFF-48A6-AB59-E6E92F842DB2}.Release|Any CPU.Build.0 = Release|Any CPU
	EndGlobalSection
	GlobalSection(SolutionProperties) = preSolution
		HideSolutionNode = FALSE
	EndGlobalSection
	GlobalSection(ExtensibilityGlobals) = postSolution
		SolutionGuid = {7171F393-4E27-4226-9384-24A331102581}
	EndGlobalSection
EndGlobal
